
Microsoft Visual Studio Solution File, Format Version 12.00
# Visual Studio Express 2012 for Web
Project("{FAE04EC0-301F-11D3-BF4B-00C04F79EFBC}") = "Where2Study", "Where2Study\Where2Study.csproj", "{88C43455-E1FA-44D9-B60E-5FD58FE900B2}"
EndProject
Project("{FAE04EC0-301F-11D3-BF4B-00C04F79EFBC}") = "Resources", "Resources\Resources.csproj", "{7A763E5A-9D5D-473C-9657-AE13762DC4FB}"
EndProject
Global
	GlobalSection(SolutionConfigurationPlatforms) = preSolution
		Debug|Any CPU = Debug|Any CPU
		Release|Any CPU = Release|Any CPU
	EndGlobalSection
	GlobalSection(ProjectConfigurationPlatforms) = postSolution
		{88C43455-E1FA-44D9-B60E-5FD58FE900B2}.Debug|Any CPU.ActiveCfg = Debug|Any CPU
		{88C43455-E1FA-44D9-B60E-5FD58FE900B2}.Debug|Any CPU.Build.0 = Debug|Any CPU
		{88C43455-E1FA-44D9-B60E-5FD58FE900B2}.Release|Any CPU.ActiveCfg = Release|Any CPU
		{88C43455-E1FA-44D9-B60E-5FD58FE900B2}.Release|Any CPU.Build.0 = Release|Any CPU
		{7A763E5A-9D5D-473C-9657-AE13762DC4FB}.Debug|Any CPU.ActiveCfg = Debug|Any CPU
		{7A763E5A-9D5D-473C-9657-AE13762DC4FB}.Debug|Any CPU.Build.0 = Debug|Any CPU
		{7A763E5A-9D5D-473C-9657-AE13762DC4FB}.Release|Any CPU.ActiveCfg = Release|Any CPU
		{7A763E5A-9D5D-473C-9657-AE13762DC4FB}.Release|Any CPU.Build.0 = Release|Any CPU
	EndGlobalSection
	GlobalSection(SolutionProperties) = preSolution
		HideSolutionNode = FALSE
	EndGlobalSection
EndGlobal
